
Microsoft Visual Studio Solution File, Format Version 10.00
# Visual Studio 2008
Project("{FAE04EC0-301F-11D3-BF4B-00C04F79EFBC}") = "SPSProfessional.SharePoint.WebParts.Navigation", "SPSProfessional.SharePoint.WebParts.Navigation\SPSProfessional.SharePoint.WebParts.Navigation.csproj", "{442D783E-3464-4D00-A051-4FB657232AB5}"
EndProject
Global
	GlobalSection(SolutionConfigurationPlatforms) = preSolution
		Debug|Any CPU = Debug|Any CPU
		Release|Any CPU = Release|Any CPU
	EndGlobalSection
	GlobalSection(ProjectConfigurationPlatforms) = postSolution
		{442D783E-3464-4D00-A051-4FB657232AB5}.Debug|Any CPU.ActiveCfg = Debug|Any CPU
		{442D783E-3464-4D00-A051-4FB657232AB5}.Debug|Any CPU.Build.0 = Debug|Any CPU
		{442D783E-3464-4D00-A051-4FB657232AB5}.Release|Any CPU.ActiveCfg = Release|Any CPU
		{442D783E-3464-4D00-A051-4FB657232AB5}.Release|Any CPU.Build.0 = Release|Any CPU
	EndGlobalSection
	GlobalSection(SolutionProperties) = preSolution
		HideSolutionNode = FALSE
	EndGlobalSection
	GlobalSection(ExtensibilityGlobals) = postSolution
		VisualSVNWorkingCopyRoot = 
	EndGlobalSection
EndGlobal
